// !$*UTF8*$!
{
	archiveVersion = 1;
	classes = {
	};
	objectVersion = 46;
	objects = {

/* Begin PBXBuildFile section */
		1435CD291F33D2B6005E3AF7 /* AppDelegate.swift in Sources */ = {isa = PBXBuildFile; fileRef = 1435CD281F33D2B6005E3AF7 /* AppDelegate.swift */; };
		1435CD2B1F33D2B6005E3AF7 /* ViewController.swift in Sources */ = {isa = PBXBuildFile; fileRef = 1435CD2A1F33D2B6005E3AF7 /* ViewController.swift */; };
		1435CD2E1F33D2B6005E3AF7 /* Main.storyboard in Resources */ = {isa = PBXBuildFile; fileRef = 1435CD2C1F33D2B6005E3AF7 /* Main.storyboard */; };
		1435CD301F33D2B6005E3AF7 /* Assets.xcassets in Resources */ = {isa = PBXBuildFile; fileRef = 1435CD2F1F33D2B6005E3AF7 /* Assets.xcassets */; };
		1435CD331F33D2B6005E3AF7 /* LaunchScreen.storyboard in Resources */ = {isa = PBXBuildFile; fileRef = 1435CD311F33D2B6005E3AF7 /* LaunchScreen.storyboard */; };
		1435CD3E1F33D2B6005E3AF7 /* custom_textfield_class_testTests.swift in Sources */ = {isa = PBXBuildFile; fileRef = 1435CD3D1F33D2B6005E3AF7 /* custom_textfield_class_testTests.swift */; };
		1435CD491F33D2B6005E3AF7 /* custom_textfield_class_testUITests.swift in Sources */ = {isa = PBXBuildFile; fileRef = 1435CD481F33D2B6005E3AF7 /* custom_textfield_class_testUITests.swift */; };
/* End PBXBuildFile section */

/* Begin PBXContainerItemProxy section */
		1435CD3A1F33D2B6005E3AF7 /* PBXContainerItemProxy */ = {
			isa = PBXContainerItemProxy;
			containerPortal = 1435CD1D1F33D2B6005E3AF7 /* Project object */;
			proxyType = 1;
			remoteGlobalIDString = 1435CD241F33D2B6005E3AF7;
			remoteInfo = "custom-textfield-class-test";
		};
		1435CD451F33D2B6005E3AF7 /* PBXContainerItemProxy */ = {
			isa = PBXContainerItemProxy;
			containerPortal = 1435CD1D1F33D2B6005E3AF7 /* Project object */;
			proxyType = 1;
			remoteGlobalIDString = 1435CD241F33D2B6005E3AF7;
			remoteInfo = "custom-textfield-class-test";
		};
/* End PBXContainerItemProxy section */

/* Begin PBXFileReference section */
		1435CD251F33D2B6005E3AF7 /* custom-textfield-class-test.app */ = {isa = PBXFileReference; explicitFileType = wrapper.application; includeInIndex = 0; path = "custom-textfield-class-test.app"; sourceTree = BUILT_PRODUCTS_DIR; };
		1435CD281F33D2B6005E3AF7 /* AppDelegate.swift */ = {isa = PBXFileReference; lastKnownFileType = sourcecode.swift; path = AppDelegate.swift; sourceTree = "<group>"; };
		1435CD2A1F33D2B6005E3AF7 /* ViewController.swift */ = {isa = PBXFileReference; lastKnownFileType = sourcecode.swift; path = ViewController.swift; sourceTree = "<group>"; };
		1435CD2D1F33D2B6005E3AF7 /* Base */ = {isa = PBXFileReference; lastKnownFileType = file.storyboard; name = Base; path = Base.lproj/Main.storyboard; sourceTree = "<group>"; };
		1435CD2F1F33D2B6005E3AF7 /* Assets.xcassets */ = {isa = PBXFileReference; lastKnownFileType = folder.assetcatalog; path = Assets.xcassets; sourceTree = "<group>"; };
		1435CD321F33D2B6005E3AF7 /* Base */ = {isa = PBXFileReference; lastKnownFileType = file.storyboard; name = Base; path = Base.lproj/LaunchScreen.storyboard; sourceTree = "<group>"; };
		1435CD341F33D2B6005E3AF7 /* Info.plist */ = {isa = PBXFileReference; lastKnownFileType = text.plist.xml; path = Info.plist; sourceTree = "<group>"; };
		1435CD391F33D2B6005E3AF7 /* custom-textfield-class-testTests.xctest */ = {isa = PBXFileReference; explicitFileType = wrapper.cfbundle; includeInIndex = 0; path = "custom-textfield-class-testTests.xctest"; sourceTree = BUILT_PRODUCTS_DIR; };
		1435CD3D1F33D2B6005E3AF7 /* custom_textfield_class_testTests.swift */ = {isa = PBXFileReference; lastKnownFileType = sourcecode.swift; path = custom_textfield_class_testTests.swift; sourceTree = "<group>"; };
		1435CD3F1F33D2B6005E3AF7 /* Info.plist */ = {isa = PBXFileReference; lastKnownFileType = text.plist.xml; path = Info.plist; sourceTree = "<group>"; };
		1435CD441F33D2B6005E3AF7 /* custom-textfield-class-testUITests.xctest */ = {isa = PBXFileReference; explicitFileType = wrapper.cfbundle; includeInIndex = 0; path = "custom-textfield-class-testUITests.xctest"; sourceTree = BUILT_PRODUCTS_DIR; };
		1435CD481F33D2B6005E3AF7 /* custom_textfield_class_testUITests.swift */ = {isa = PBXFileReference; lastKnownFileType = sourcecode.swift; path = custom_textfield_class_testUITests.swift; sourceTree = "<group>"; };
		1435CD4A1F33D2B6005E3AF7 /* Info.plist */ = {isa = PBXFileReference; lastKnownFileType = text.plist.xml; path = Info.plist; sourceTree = "<group>"; };
/* End PBXFileReference section */

/* Begin PBXFrameworksBuildPhase section */
		1435CD221F33D2B6005E3AF7 /* Frameworks */ = {
			isa = PBXFrameworksBuildPhase;
			buildActionMask = 2147483647;
			files = (
			);
			runOnlyForDeploymentPostprocessing = 0;
		};
		1435CD361F33D2B6005E3AF7 /* Frameworks */ = {
			isa = PBXFrameworksBuildPhase;
			buildActionMask = 2147483647;
			files = (
			);
			runOnlyForDeploymentPostprocessing = 0;
		};
		1435CD411F33D2B6005E3AF7 /* Frameworks */ = {
			isa = PBXFrameworksBuildPhase;
			buildActionMask = 2147483647;
			files = (
			);
			runOnlyForDeploymentPostprocessing = 0;
		};
/* End PBXFrameworksBuildPhase section */

/* Begin PBXGroup section */
		1435CD1C1F33D2B6005E3AF7 = {
			isa = PBXGroup;
			children = (
				1435CD271F33D2B6005E3AF7 /* custom-textfield-class-test */,
				1435CD3C1F33D2B6005E3AF7 /* custom-textfield-class-testTests */,
				1435CD471F33D2B6005E3AF7 /* custom-textfield-class-testUITests */,
				1435CD261F33D2B6005E3AF7 /* Products */,
			);
			sourceTree = "<group>";
		};
		1435CD261F33D2B6005E3AF7 /* Products */ = {
			isa = PBXGroup;
			children = (
				1435CD251F33D2B6005E3AF7 /* custom-textfield-class-test.app */,
				1435CD391F33D2B6005E3AF7 /* custom-textfield-class-testTests.xctest */,
				1435CD441F33D2B6005E3AF7 /* custom-textfield-class-testUITests.xctest */,
			);
			name = Products;
			sourceTree = "<group>";
		};
		1435CD271F33D2B6005E3AF7 /* custom-textfield-class-test */ = {
			isa = PBXGroup;
			children = (
				1435CD281F33D2B6005E3AF7 /* AppDelegate.swift */,
				1435CD2A1F33D2B6005E3AF7 /* ViewController.swift */,
				1435CD2C1F33D2B6005E3AF7 /* Main.storyboard */,
				1435CD2F1F33D2B6005E3AF7 /* Assets.xcassets */,
				1435CD311F33D2B6005E3AF7 /* LaunchScreen.storyboard */,
				1435CD341F33D2B6005E3AF7 /* Info.plist */,
			);
			path = "custom-textfield-class-test";
			sourceTree = "<group>";
		};
		1435CD3C1F33D2B6005E3AF7 /* custom-textfield-class-testTests */ = {
			isa = PBXGroup;
			children = (
				1435CD3D1F33D2B6005E3AF7 /* custom_textfield_class_testTests.swift */,
				1435CD3F1F33D2B6005E3AF7 /* Info.plist */,
			);
			path = "custom-textfield-class-testTests";
			sourceTree = "<group>";
		};
		1435CD471F33D2B6005E3AF7 /* custom-textfield-class-testUITests */ = {
			isa = PBXGroup;
			children = (
				1435CD481F33D2B6005E3AF7 /* custom_textfield_class_testUITests.swift */,
				1435CD4A1F33D2B6005E3AF7 /* Info.plist */,
			);
			path = "custom-textfield-class-testUITests";
			sourceTree = "<group>";
		};
/* End PBXGroup section */

/* Begin PBXNativeTarget section */
		1435CD241F33D2B6005E3AF7 /* custom-textfield-class-test */ = {
			isa = PBXNativeTarget;
			buildConfigurationList = 1435CD4D1F33D2B6005E3AF7 /* Build configuration list for PBXNativeTarget "custom-textfield-class-test" */;
			buildPhases = (
				1435CD211F33D2B6005E3AF7 /* Sources */,
				1435CD221F33D2B6005E3AF7 /* Frameworks */,
				1435CD231F33D2B6005E3AF7 /* Resources */,
			);
			buildRules = (
			);
			dependencies = (
			);
			name = "custom-textfield-class-test";
			productName = "custom-textfield-class-test";
			productReference = 1435CD251F33D2B6005E3AF7 /* custom-textfield-class-test.app */;
			productType = "com.apple.product-type.application";
		};
		1435CD381F33D2B6005E3AF7 /* custom-textfield-class-testTests */ = {
			isa = PBXNativeTarget;
			buildConfigurationList = 1435CD501F33D2B6005E3AF7 /* Build configuration list for PBXNativeTarget "custom-textfield-class-testTests" */;
			buildPhases = (
				1435CD351F33D2B6005E3AF7 /* Sources */,
				1435CD361F33D2B6005E3AF7 /* Frameworks */,
				1435CD371F33D2B6005E3AF7 /* Resources */,
			);
			buildRules = (
			);
			dependencies = (
				1435CD3B1F33D2B6005E3AF7 /* PBXTargetDependency */,
			);
			name = "custom-textfield-class-testTests";
			productName = "custom-textfield-class-testTests";
			productReference = 1435CD391F33D2B6005E3AF7 /* custom-textfield-class-testTests.xctest */;
			productType = "com.apple.product-type.bundle.unit-test";
		};
		1435CD431F33D2B6005E3AF7 /* custom-textfield-class-testUITests */ = {
			isa = PBXNativeTarget;
			buildConfigurationList = 1435CD531F33D2B6005E3AF7 /* Build configuration list for PBXNativeTarget "custom-textfield-class-testUITests" */;
			buildPhases = (
				1435CD401F33D2B6005E3AF7 /* Sources */,
				1435CD411F33D2B6005E3AF7 /* Frameworks */,
				1435CD421F33D2B6005E3AF7 /* Resources */,
			);
			buildRules = (
			);
			dependencies = (
				1435CD461F33D2B6005E3AF7 /* PBXTargetDependency */,
			);
			name = "custom-textfield-class-testUITests";
			productName = "custom-textfield-class-testUITests";
			productReference = 1435CD441F33D2B6005E3AF7 /* custom-textfield-class-testUITests.xctest */;
			productType = "com.apple.product-type.bundle.ui-testing";
		};
/* End PBXNativeTarget section */

/* Begin PBXProject section */
		1435CD1D1F33D2B6005E3AF7 /* Project object */ = {
			isa = PBXProject;
			attributes = {
				LastSwiftUpdateCheck = 0830;
				LastUpgradeCheck = 0830;
				ORGANIZATIONNAME = "Miguel Altamirano";
				TargetAttributes = {
					1435CD241F33D2B6005E3AF7 = {
						CreatedOnToolsVersion = 8.3.3;
						ProvisioningStyle = Automatic;
					};
					1435CD381F33D2B6005E3AF7 = {
						CreatedOnToolsVersion = 8.3.3;
						ProvisioningStyle = Automatic;
						TestTargetID = 1435CD241F33D2B6005E3AF7;
					};
					1435CD431F33D2B6005E3AF7 = {
						CreatedOnToolsVersion = 8.3.3;
						ProvisioningStyle = Automatic;
						TestTargetID = 1435CD241F33D2B6005E3AF7;
					};
				};
			};
			buildConfigurationList = 1435CD201F33D2B6005E3AF7 /* Build configuration list for PBXProject "custom-textfield-class-test" */;
			compatibilityVersion = "Xcode 3.2";
			developmentRegion = English;
			hasScannedForEncodings = 0;
			knownRegions = (
				en,
				Base,
			);
			mainGroup = 1435CD1C1F33D2B6005E3AF7;
			productRefGroup = 1435CD261F33D2B6005E3AF7 /* Products */;
			projectDirPath = "";
			projectRoot = "";
			targets = (
				1435CD241F33D2B6005E3AF7 /* custom-textfield-class-test */,
				1435CD381F33D2B6005E3AF7 /* custom-textfield-class-testTests */,
				1435CD431F33D2B6005E3AF7 /* custom-textfield-class-testUITests */,
			);
		};
/* End PBXProject section */

/* Begin PBXResourcesBuildPhase section */
		1435CD231F33D2B6005E3AF7 /* Resources */ = {
			isa = PBXResourcesBuildPhase;
			buildActionMask = 2147483647;
			files = (
				1435CD331F33D2B6005E3AF7 /* LaunchScreen.storyboard in Resources */,
				1435CD301F33D2B6005E3AF7 /* Assets.xcassets in Resources */,
				1435CD2E1F33D2B6005E3AF7 /* Main.storyboard in Resources */,
			);
			runOnlyForDeploymentPostprocessing = 0;
		};
		1435CD371F33D2B6005E3AF7 /* Resources */ = {
			isa = PBXResourcesBuildPhase;
			buildActionMask = 2147483647;
			files = (
			);
			runOnlyForDeploymentPostprocessing = 0;
		};
		1435CD421F33D2B6005E3AF7 /* Resources */ = {
			isa = PBXResourcesBuildPhase;
			buildActionMask = 2147483647;
			files = (
			);
			runOnlyForDeploymentPostprocessing = 0;
		};
/* End PBXResourcesBuildPhase section */

/* Begin PBXSourcesBuildPhase section */
		1435CD211F33D2B6005E3AF7 /* Sources */ = {
			isa = PBXSourcesBuildPhase;
			buildActionMask = 2147483647;
			files = (
				1435CD2B1F33D2B6005E3AF7 /* ViewController.swift in Sources */,
				1435CD291F33D2B6005E3AF7 /* AppDelegate.swift in Sources */,
			);
			runOnlyForDeploymentPostprocessing = 0;
		};
		1435CD351F33D2B6005E3AF7 /* Sources */ = {
			isa = PBXSourcesBuildPhase;
			buildActionMask = 2147483647;
			files = (
				1435CD3E1F33D2B6005E3AF7 /* custom_textfield_class_testTests.swift in Sources */,
			);
			runOnlyForDeploymentPostprocessing = 0;
		};
		1435CD401F33D2B6005E3AF7 /* Sources */ = {
			isa = PBXSourcesBuildPhase;
			buildActionMask = 2147483647;
			files = (
				1435CD491F33D2B6005E3AF7 /* custom_textfield_class_testUITests.swift in Sources */,
			);
			runOnlyForDeploymentPostprocessing = 0;
		};
/* End PBXSourcesBuildPhase section */

/* Begin PBXTargetDependency section */
		1435CD3B1F33D2B6005E3AF7 /* PBXTargetDependency */ = {
			isa = PBXTargetDependency;
			target = 1435CD241F33D2B6005E3AF7 /* custom-textfield-class-test */;
			targetProxy = 1435CD3A1F33D2B6005E3AF7 /* PBXContainerItemProxy */;
		};
		1435CD461F33D2B6005E3AF7 /* PBXTargetDependency */ = {
			isa = PBXTargetDependency;
			target = 1435CD241F33D2B6005E3AF7 /* custom-textfield-class-test */;
			targetProxy = 1435CD451F33D2B6005E3AF7 /* PBXContainerItemProxy */;
		};
/* End PBXTargetDependency section */

/* Begin PBXVariantGroup section */
		1435CD2C1F33D2B6005E3AF7 /* Main.storyboard */ = {
			isa = PBXVariantGroup;
			children = (
				1435CD2D1F33D2B6005E3AF7 /* Base */,
			);
			name = Main.storyboard;
			sourceTree = "<group>";
		};
		1435CD311F33D2B6005E3AF7 /* LaunchScreen.storyboard */ = {
			isa = PBXVariantGroup;
			children = (
				1435CD321F33D2B6005E3AF7 /* Base */,
			);
			name = LaunchScreen.storyboard;
			sourceTree = "<group>";
		};
/* End PBXVariantGroup section */

/* Begin XCBuildConfiguration section */
		1435CD4B1F33D2B6005E3AF7 /* Debug */ = {
			isa = XCBuildConfiguration;
			buildSettings = {
				ALWAYS_SEARCH_USER_PATHS = NO;
				CLANG_ANALYZER_NONNULL = YES;
				CLANG_ANALYZER_NUMBER_OBJECT_CONVERSION = YES_AGGRESSIVE;
				CLANG_CXX_LANGUAGE_STANDARD = "gnu++0x";
				CLANG_CXX_LIBRARY = "libc++";
				CLANG_ENABLE_MODULES = YES;
				CLANG_ENABLE_OBJC_ARC = YES;
				CLANG_WARN_BOOL_CONVERSION = YES;
				CLANG_WARN_CONSTANT_CONVERSION = YES;
				CLANG_WARN_DIRECT_OBJC_ISA_USAGE = YES_ERROR;
				CLANG_WARN_DOCUMENTATION_COMMENTS = YES;
				CLANG_WARN_EMPTY_BODY = YES;
				CLANG_WARN_ENUM_CONVERSION = YES;
				CLANG_WARN_INFINITE_RECURSION = YES;
				CLANG_WARN_INT_CONVERSION = YES;
				CLANG_WARN_OBJC_ROOT_CLASS = YES_ERROR;
				CLANG_WARN_SUSPICIOUS_MOVE = YES;
				CLANG_WARN_UNREACHABLE_CODE = YES;
				CLANG_WARN__DUPLICATE_METHOD_MATCH = YES;
				"CODE_SIGN_IDENTITY[sdk=iphoneos*]" = "iPhone Developer";
				COPY_PHASE_STRIP = NO;
				DEBUG_INFORMATION_FORMAT = dwarf;
				ENABLE_STRICT_OBJC_MSGSEND = YES;
				ENABLE_TESTABILITY = YES;
				GCC_C_LANGUAGE_STANDARD = gnu99;
				GCC_DYNAMIC_NO_PIC = NO;
				GCC_NO_COMMON_BLOCKS = YES;
				GCC_OPTIMIZATION_LEVEL = 0;
				GCC_PREPROCESSOR_DEFINITIONS = (
					"DEBUG=1",
					"$(inherited)",
				);
				GCC_WARN_64_TO_32_BIT_CONVERSION = YES;
				GCC_WARN_ABOUT_RETURN_TYPE = YES_ERROR;
				GCC_WARN_UNDECLARED_SELECTOR = YES;
				GCC_WARN_UNINITIALIZED_AUTOS = YES_AGGRESSIVE;
				GCC_WARN_UNUSED_FUNCTION = YES;
				GCC_WARN_UNUSED_VARIABLE = YES;
				IPHONEOS_DEPLOYMENT_TARGET = 10.3;
				MTL_ENABLE_DEBUG_INFO = YES;
				ONLY_ACTIVE_ARCH = YES;
				SDKROOT = iphoneos;
				SWIFT_ACTIVE_COMPILATION_CONDITIONS = DEBUG;
				SWIFT_OPTIMIZATION_LEVEL = "-Onone";
			};
			name = Debug;
		};
		1435CD4C1F33D2B6005E3AF7 /* Release */ = {
			isa = XCBuildConfiguration;
			buildSettings = {
				ALWAYS_SEARCH_USER_PATHS = NO;
				CLANG_ANALYZER_NONNULL = YES;
				CLANG_ANALYZER_NUMBER_OBJECT_CONVERSION = YES_AGGRESSIVE;
				CLANG_CXX_LANGUAGE_STANDARD = "gnu++0x";
				CLANG_CXX_LIBRARY = "libc++";
				CLANG_ENABLE_MODULES = YES;
				CLANG_ENABLE_OBJC_ARC = YES;
				CLANG_WARN_BOOL_CONVERSION = YES;
				CLANG_WARN_CONSTANT_CONVERSION = YES;
				CLANG_WARN_DIRECT_OBJC_ISA_USAGE = YES_ERROR;
				CLANG_WARN_DOCUMENTATION_COMMENTS = YES;
				CLANG_WARN_EMPTY_BODY = YES;
				CLANG_WARN_ENUM_CONVERSION = YES;
				CLANG_WARN_INFINITE_RECURSION = YES;
				CLANG_WARN_INT_CONVERSION = YES;
				CLANG_WARN_OBJC_ROOT_CLASS = YES_ERROR;
				CLANG_WARN_SUSPICIOUS_MOVE = YES;
				CLANG_WARN_UNREACHABLE_CODE = YES;
				CLANG_WARN__DUPLICATE_METHOD_MATCH = YES;
				"CODE_SIGN_IDENTITY[sdk=iphoneos*]" = "iPhone Developer";
				COPY_PHASE_STRIP = NO;
				DEBUG_INFORMATION_FORMAT = "dwarf-with-dsym";
				ENABLE_NS_ASSERTIONS = NO;
				ENABLE_STRICT_OBJC_MSGSEND = YES;
				GCC_C_LANGUAGE_STANDARD = gnu99;
				GCC_NO_COMMON_BLOCKS = YES;
				GCC_WARN_64_TO_32_BIT_CONVERSION = YES;
				GCC_WARN_ABOUT_RETURN_TYPE = YES_ERROR;
				GCC_WARN_UNDECLARED_SELECTOR = YES;
				GCC_WARN_UNINITIALIZED_AUTOS = YES_AGGRESSIVE;
				GCC_WARN_UNUSED_FUNCTION = YES;
				GCC_WARN_UNUSED_VARIABLE = YES;
				IPHONEOS_DEPLOYMENT_TARGET = 10.3;
				MTL_ENABLE_DEBUG_INFO = NO;
				SDKROOT = iphoneos;
				SWIFT_OPTIMIZATION_LEVEL = "-Owholemodule";
				VALIDATE_PRODUCT = YES;
			};
			name = Release;
		};
		1435CD4E1F33D2B6005E3AF7 /* Debug */ = {
			isa = XCBuildConfiguration;
			buildSettings = {
				ASSETCATALOG_COMPILER_APPICON_NAME = AppIcon;
				INFOPLIST_FILE = "custom-textfield-class-test/Info.plist";
				LD_RUNPATH_SEARCH_PATHS = "$(inherited) @executable_path/Frameworks";
				PRODUCT_BUNDLE_IDENTIFIER = "com.veganizeapp.custom-textfield-class-test";
				PRODUCT_NAME = "$(TARGET_NAME)";
				SWIFT_VERSION = 3.0;
			};
			name = Debug;
		};
		1435CD4F1F33D2B6005E3AF7 /* Release */ = {
			isa = XCBuildConfiguration;
			buildSettings = {
				ASSETCATALOG_COMPILER_APPICON_NAME = AppIcon;
				INFOPLIST_FILE = "custom-textfield-class-test/Info.plist";
				LD_RUNPATH_SEARCH_PATHS = "$(inherited) @executable_path/Frameworks";
				PRODUCT_BUNDLE_IDENTIFIER = "com.veganizeapp.custom-textfield-class-test";
				PRODUCT_NAME = "$(TARGET_NAME)";
				SWIFT_VERSION = 3.0;
			};
			name = Release;
		};
		1435CD511F33D2B6005E3AF7 /* Debug */ = {
			isa = XCBuildConfiguration;
			buildSettings = {
				ALWAYS_EMBED_SWIFT_STANDARD_LIBRARIES = YES;
				BUNDLE_LOADER = "$(TEST_HOST)";
				INFOPLIST_FILE = "custom-textfield-class-testTests/Info.plist";
				LD_RUNPATH_SEARCH_PATHS = "$(inherited) @executable_path/Frameworks @loader_path/Frameworks";
				PRODUCT_BUNDLE_IDENTIFIER = "com.veganizeapp.custom-textfield-class-testTests";
				PRODUCT_NAME = "$(TARGET_NAME)";
				SWIFT_VERSION = 3.0;
				TEST_HOST = "$(BUILT_PRODUCTS_DIR)/custom-textfield-class-test.app/custom-textfield-class-test";
			};
			name = Debug;
		};
		1435CD521F33D2B6005E3AF7 /* Release */ = {
			isa = XCBuildConfiguration;
			buildSettings = {
				ALWAYS_EMBED_SWIFT_STANDARD_LIBRARIES = YES;
				BUNDLE_LOADER = "$(TEST_HOST)";
				INFOPLIST_FILE = "custom-textfield-class-testTests/Info.plist";
				LD_RUNPATH_SEARCH_PATHS = "$(inherited) @executable_path/Frameworks @loader_path/Frameworks";
				PRODUCT_BUNDLE_IDENTIFIER = "com.veganizeapp.custom-textfield-class-testTests";
				PRODUCT_NAME = "$(TARGET_NAME)";
				SWIFT_VERSION = 3.0;
				TEST_HOST = "$(BUILT_PRODUCTS_DIR)/custom-textfield-class-test.app/custom-textfield-class-test";
			};
			name = Release;
		};
		1435CD541F33D2B6005E3AF7 /* Debug */ = {
			isa = XCBuildConfiguration;
			buildSettings = {
				ALWAYS_EMBED_SWIFT_STANDARD_LIBRARIES = YES;
				INFOPLIST_FILE = "custom-textfield-class-testUITests/Info.plist";
				LD_RUNPATH_SEARCH_PATHS = "$(inherited) @executable_path/Frameworks @loader_path/Frameworks";
				PRODUCT_BUNDLE_IDENTIFIER = "com.veganizeapp.custom-textfield-class-testUITests";
				PRODUCT_NAME = "$(TARGET_NAME)";
				SWIFT_VERSION = 3.0;
				TEST_TARGET_NAME = "custom-textfield-class-test";
			};
			name = Debug;
		};
		1435CD551F33D2B6005E3AF7 /* Release */ = {
			isa = XCBuildConfiguration;
			buildSettings = {
				ALWAYS_EMBED_SWIFT_STANDARD_LIBRARIES = YES;
				INFOPLIST_FILE = "custom-textfield-class-testUITests/Info.plist";
				LD_RUNPATH_SEARCH_PATHS = "$(inherited) @executable_path/Frameworks @loader_path/Frameworks";
				PRODUCT_BUNDLE_IDENTIFIER = "com.veganizeapp.custom-textfield-class-testUITests";
				PRODUCT_NAME = "$(TARGET_NAME)";
				SWIFT_VERSION = 3.0;
				TEST_TARGET_NAME = "custom-textfield-class-test";
			};
			name = Release;
		};
/* End XCBuildConfiguration section */

/* Begin XCConfigurationList section */
		1435CD201F33D2B6005E3AF7 /* Build configuration list for PBXProject "custom-textfield-class-test" */ = {
			isa = XCConfigurationList;
			buildConfigurations = (
				1435CD4B1F33D2B6005E3AF7 /* Debug */,
				1435CD4C1F33D2B6005E3AF7 /* Release */,
			);
			defaultConfigurationIsVisible = 0;
			defaultConfigurationName = Release;
		};
		1435CD4D1F33D2B6005E3AF7 /* Build configuration list for PBXNativeTarget "custom-textfield-class-test" */ = {
			isa = XCConfigurationList;
			buildConfigurations = (
				1435CD4E1F33D2B6005E3AF7 /* Debug */,
				1435CD4F1F33D2B6005E3AF7 /* Release */,
			);
			defaultConfigurationIsVisible = 0;
		};
		1435CD501F33D2B6005E3AF7 /* Build configuration list for PBXNativeTarget "custom-textfield-class-testTests" */ = {
			isa = XCConfigurationList;
			buildConfigurations = (
				1435CD511F33D2B6005E3AF7 /* Debug */,
				1435CD521F33D2B6005E3AF7 /* Release */,
			);
			defaultConfigurationIsVisible = 0;
		};
		1435CD531F33D2B6005E3AF7 /* Build configuration list for PBXNativeTarget "custom-textfield-class-testUITests" */ = {
			isa = XCConfigurationList;
			buildConfigurations = (
				1435CD541F33D2B6005E3AF7 /* Debug */,
				1435CD551F33D2B6005E3AF7 /* Release */,
			);
			defaultConfigurationIsVisible = 0;
		};
/* End XCConfigurationList section */
	};
	rootObject = 1435CD1D1F33D2B6005E3AF7 /* Project object */;
}
